
Microsoft Visual Studio Solution File, Format Version 12.00
# Visual Studio Version 16
VisualStudioVersion = 16.0.30413.136
MinimumVisualStudioVersion = 10.0.40219.1
Project("{9A19103F-16F7-4668-BE54-9A1E7A4F7556}") = "eProdaja.WebAPI", "eProdaja.WebAPI\eProdaja.WebAPI.csproj", "{561E8C00-7282-42FF-B3AB-32CC63C8DE0F}"
EndProject
Project("{9A19103F-16F7-4668-BE54-9A1E7A4F7556}") = "eProdaja.Model", "eProdaja.Model\eProdaja.Model.csproj", "{D47C490C-1031-4345-AAFB-A75FFA8E51F2}"
EndProject
Project("{2150E333-8FDC-42A3-9474-1A3956D46DE8}") = "UI", "UI", "{917CE333-6189-4D61-B908-5AE440E50CC8}"
EndProject
Project("{FAE04EC0-301F-11D3-BF4B-00C04F79EFBC}") = "eProdaja.WinUI", "eProdaja.WinUI\eProdaja.WinUI.csproj", "{F5C435AE-218B-4E4C-936F-8B1B73972F18}"
EndProject
Project("{2150E333-8FDC-42A3-9474-1A3956D46DE8}") = "eProdaja.Mobile", "eProdaja.Mobile", "{85922066-FAA8-418C-9D1A-A2C0AD8875E4}"
EndProject
Project("{FAE04EC0-301F-11D3-BF4B-00C04F79EFBC}") = "eProdaja.MobileApp.Android", "eProdaja.MobileApp\eProdaja.MobileApp.Android\eProdaja.MobileApp.Android.csproj", "{33D689DB-DBFA-494F-8E6F-60E2A354BCD7}"
EndProject
Project("{FAE04EC0-301F-11D3-BF4B-00C04F79EFBC}") = "eProdaja.MobileApp.iOS", "eProdaja.MobileApp\eProdaja.MobileApp.iOS\eProdaja.MobileApp.iOS.csproj", "{B85D82B2-2734-4E64-B46B-C8B9440B5DA3}"
EndProject
Project("{9A19103F-16F7-4668-BE54-9A1E7A4F7556}") = "eProdaja.MobileApp", "eProdaja.MobileApp\eProdaja.MobileApp\eProdaja.MobileApp.csproj", "{808C3A12-D5CA-4C49-A800-62252ECAF27A}"
EndProject
Project("{FAE04EC0-301F-11D3-BF4B-00C04F79EFBC}") = "eProdaja.MobileApp.UWP", "eProdaja.MobileApp.UWP\eProdaja.MobileApp.UWP.csproj", "{A29E62DE-AC01-4902-9E5E-0BF2ACAAC794}"
EndProject
Project("{2150E333-8FDC-42A3-9474-1A3956D46DE8}") = "Solution Items", "Solution Items", "{C06B5B5E-F512-4B42-9952-ABAF3D99AC4D}"
	ProjectSection(SolutionItems) = preProject
		.editorconfig = .editorconfig
	EndProjectSection
EndProject
Global
	GlobalSection(SolutionConfigurationPlatforms) = preSolution
		Debug|Any CPU = Debug|Any CPU
		Debug|ARM = Debug|ARM
		Debug|ARM64 = Debug|ARM64
		Debug|iPhone = Debug|iPhone
		Debug|iPhoneSimulator = Debug|iPhoneSimulator
		Debug|x64 = Debug|x64
		Debug|x86 = Debug|x86
		Release|Any CPU = Release|Any CPU
		Release|ARM = Release|ARM
		Release|ARM64 = Release|ARM64
		Release|iPhone = Release|iPhone
		Release|iPhoneSimulator = Release|iPhoneSimulator
		Release|x64 = Release|x64
		Release|x86 = Release|x86
	EndGlobalSection
	GlobalSection(ProjectConfigurationPlatforms) = postSolution
		{561E8C00-7282-42FF-B3AB-32CC63C8DE0F}.Debug|Any CPU.ActiveCfg = Debug|Any CPU
		{561E8C00-7282-42FF-B3AB-32CC63C8DE0F}.Debug|Any CPU.Build.0 = Debug|Any CPU
		{561E8C00-7282-42FF-B3AB-32CC63C8DE0F}.Debug|ARM.ActiveCfg = Debug|Any CPU
		{561E8C00-7282-42FF-B3AB-32CC63C8DE0F}.Debug|ARM.Build.0 = Debug|Any CPU
		{561E8C00-7282-42FF-B3AB-32CC63C8DE0F}.Debug|ARM64.ActiveCfg = Debug|Any CPU
		{561E8C00-7282-42FF-B3AB-32CC63C8DE0F}.Debug|ARM64.Build.0 = Debug|Any CPU
		{561E8C00-7282-42FF-B3AB-32CC63C8DE0F}.Debug|iPhone.ActiveCfg = Debug|Any CPU
		{561E8C00-7282-42FF-B3AB-32CC63C8DE0F}.Debug|iPhone.Build.0 = Debug|Any CPU
		{561E8C00-7282-42FF-B3AB-32CC63C8DE0F}.Debug|iPhoneSimulator.ActiveCfg = Debug|Any CPU
		{561E8C00-7282-42FF-B3AB-32CC63C8DE0F}.Debug|iPhoneSimulator.Build.0 = Debug|Any CPU
		{561E8C00-7282-42FF-B3AB-32CC63C8DE0F}.Debug|x64.ActiveCfg = Debug|Any CPU
		{561E8C00-7282-42FF-B3AB-32CC63C8DE0F}.Debug|x64.Build.0 = Debug|Any CPU
		{561E8C00-7282-42FF-B3AB-32CC63C8DE0F}.Debug|x86.ActiveCfg = Debug|Any CPU
		{561E8C00-7282-42FF-B3AB-32CC63C8DE0F}.Debug|x86.Build.0 = Debug|Any CPU
		{561E8C00-7282-42FF-B3AB-32CC63C8DE0F}.Release|Any CPU.ActiveCfg = Release|Any CPU
		{561E8C00-7282-42FF-B3AB-32CC63C8DE0F}.Release|Any CPU.Build.0 = Release|Any CPU
		{561E8C00-7282-42FF-B3AB-32CC63C8DE0F}.Release|ARM.ActiveCfg = Release|Any CPU
		{561E8C00-7282-42FF-B3AB-32CC63C8DE0F}.Release|ARM.Build.0 = Release|Any CPU
		{561E8C00-7282-42FF-B3AB-32CC63C8DE0F}.Release|ARM64.ActiveCfg = Release|Any CPU
		{561E8C00-7282-42FF-B3AB-32CC63C8DE0F}.Release|ARM64.Build.0 = Release|Any CPU
		{561E8C00-7282-42FF-B3AB-32CC63C8DE0F}.Release|iPhone.ActiveCfg = Release|Any CPU
		{561E8C00-7282-42FF-B3AB-32CC63C8DE0F}.Release|iPhone.Build.0 = Release|Any CPU
		{561E8C00-7282-42FF-B3AB-32CC63C8DE0F}.Release|iPhoneSimulator.ActiveCfg = Release|Any CPU
		{561E8C00-7282-42FF-B3AB-32CC63C8DE0F}.Release|iPhoneSimulator.Build.0 = Release|Any CPU
		{561E8C00-7282-42FF-B3AB-32CC63C8DE0F}.Release|x64.ActiveCfg = Release|Any CPU
		{561E8C00-7282-42FF-B3AB-32CC63C8DE0F}.Release|x64.Build.0 = Release|Any CPU
		{561E8C00-7282-42FF-B3AB-32CC63C8DE0F}.Release|x86.ActiveCfg = Release|Any CPU
		{561E8C00-7282-42FF-B3AB-32CC63C8DE0F}.Release|x86.Build.0 = Release|Any CPU
		{D47C490C-1031-4345-AAFB-A75FFA8E51F2}.Debug|Any CPU.ActiveCfg = Debug|Any CPU
		{D47C490C-1031-4345-AAFB-A75FFA8E51F2}.Debug|Any CPU.Build.0 = Debug|Any CPU
		{D47C490C-1031-4345-AAFB-A75FFA8E51F2}.Debug|ARM.ActiveCfg = Debug|Any CPU
		{D47C490C-1031-4345-AAFB-A75FFA8E51F2}.Debug|ARM.Build.0 = Debug|Any CPU
		{D47C490C-1031-4345-AAFB-A75FFA8E51F2}.Debug|ARM64.ActiveCfg = Debug|Any CPU
		{D47C490C-1031-4345-AAFB-A75FFA8E51F2}.Debug|ARM64.Build.0 = Debug|Any CPU
		{D47C490C-1031-4345-AAFB-A75FFA8E51F2}.Debug|iPhone.ActiveCfg = Debug|Any CPU
		{D47C490C-1031-4345-AAFB-A75FFA8E51F2}.Debug|iPhone.Build.0 = Debug|Any CPU
		{D47C490C-1031-4345-AAFB-A75FFA8E51F2}.Debug|iPhoneSimulator.ActiveCfg = Debug|Any CPU
		{D47C490C-1031-4345-AAFB-A75FFA8E51F2}.Debug|iPhoneSimulator.Build.0 = Debug|Any CPU
		{D47C490C-1031-4345-AAFB-A75FFA8E51F2}.Debug|x64.ActiveCfg = Debug|Any CPU
		{D47C490C-1031-4345-AAFB-A75FFA8E51F2}.Debug|x64.Build.0 = Debug|Any CPU
		{D47C490C-1031-4345-AAFB-A75FFA8E51F2}.Debug|x86.ActiveCfg = Debug|Any CPU
		{D47C490C-1031-4345-AAFB-A75FFA8E51F2}.Debug|x86.Build.0 = Debug|Any CPU
		{D47C490C-1031-4345-AAFB-A75FFA8E51F2}.Release|Any CPU.ActiveCfg = Release|Any CPU
		{D47C490C-1031-4345-AAFB-A75FFA8E51F2}.Release|Any CPU.Build.0 = Release|Any CPU
		{D47C490C-1031-4345-AAFB-A75FFA8E51F2}.Release|ARM.ActiveCfg = Release|Any CPU
		{D47C490C-1031-4345-AAFB-A75FFA8E51F2}.Release|ARM.Build.0 = Release|Any CPU
		{D47C490C-1031-4345-AAFB-A75FFA8E51F2}.Release|ARM64.ActiveCfg = Release|Any CPU
		{D47C490C-1031-4345-AAFB-A75FFA8E51F2}.Release|ARM64.Build.0 = Release|Any CPU
		{D47C490C-1031-4345-AAFB-A75FFA8E51F2}.Release|iPhone.ActiveCfg = Release|Any CPU
		{D47C490C-1031-4345-AAFB-A75FFA8E51F2}.Release|iPhone.Build.0 = Release|Any CPU
		{D47C490C-1031-4345-AAFB-A75FFA8E51F2}.Release|iPhoneSimulator.ActiveCfg = Release|Any CPU
		{D47C490C-1031-4345-AAFB-A75FFA8E51F2}.Release|iPhoneSimulator.Build.0 = Release|Any CPU
		{D47C490C-1031-4345-AAFB-A75FFA8E51F2}.Release|x64.ActiveCfg = Release|Any CPU
		{D47C490C-1031-4345-AAFB-A75FFA8E51F2}.Release|x64.Build.0 = Release|Any CPU
		{D47C490C-1031-4345-AAFB-A75FFA8E51F2}.Release|x86.ActiveCfg = Release|Any CPU
		{D47C490C-1031-4345-AAFB-A75FFA8E51F2}.Release|x86.Build.0 = Release|Any CPU
		{F5C435AE-218B-4E4C-936F-8B1B73972F18}.Debug|Any CPU.ActiveCfg = Debug|Any CPU
		{F5C435AE-218B-4E4C-936F-8B1B73972F18}.Debug|Any CPU.Build.0 = Debug|Any CPU
		{F5C435AE-218B-4E4C-936F-8B1B73972F18}.Debug|ARM.ActiveCfg = Debug|Any CPU
		{F5C435AE-218B-4E4C-936F-8B1B73972F18}.Debug|ARM.Build.0 = Debug|Any CPU
		{F5C435AE-218B-4E4C-936F-8B1B73972F18}.Debug|ARM64.ActiveCfg = Debug|Any CPU
		{F5C435AE-218B-4E4C-936F-8B1B73972F18}.Debug|ARM64.Build.0 = Debug|Any CPU
		{F5C435AE-218B-4E4C-936F-8B1B73972F18}.Debug|iPhone.ActiveCfg = Debug|Any CPU
		{F5C435AE-218B-4E4C-936F-8B1B73972F18}.Debug|iPhone.Build.0 = Debug|Any CPU
		{F5C435AE-218B-4E4C-936F-8B1B73972F18}.Debug|iPhoneSimulator.ActiveCfg = Debug|Any CPU
		{F5C435AE-218B-4E4C-936F-8B1B73972F18}.Debug|iPhoneSimulator.Build.0 = Debug|Any CPU
		{F5C435AE-218B-4E4C-936F-8B1B73972F18}.Debug|x64.ActiveCfg = Debug|Any CPU
		{F5C435AE-218B-4E4C-936F-8B1B73972F18}.Debug|x64.Build.0 = Debug|Any CPU
		{F5C435AE-218B-4E4C-936F-8B1B73972F18}.Debug|x86.ActiveCfg = Debug|Any CPU
		{F5C435AE-218B-4E4C-936F-8B1B73972F18}.Debug|x86.Build.0 = Debug|Any CPU
		{F5C435AE-218B-4E4C-936F-8B1B73972F18}.Release|Any CPU.ActiveCfg = Release|Any CPU
		{F5C435AE-218B-4E4C-936F-8B1B73972F18}.Release|Any CPU.Build.0 = Release|Any CPU
		{F5C435AE-218B-4E4C-936F-8B1B73972F18}.Release|ARM.ActiveCfg = Release|Any CPU
		{F5C435AE-218B-4E4C-936F-8B1B73972F18}.Release|ARM.Build.0 = Release|Any CPU
		{F5C435AE-218B-4E4C-936F-8B1B73972F18}.Release|ARM64.ActiveCfg = Release|Any CPU
		{F5C435AE-218B-4E4C-936F-8B1B73972F18}.Release|ARM64.Build.0 = Release|Any CPU
		{F5C435AE-218B-4E4C-936F-8B1B73972F18}.Release|iPhone.ActiveCfg = Release|Any CPU
		{F5C435AE-218B-4E4C-936F-8B1B73972F18}.Release|iPhone.Build.0 = Release|Any CPU
		{F5C435AE-218B-4E4C-936F-8B1B73972F18}.Release|iPhoneSimulator.ActiveCfg = Release|Any CPU
		{F5C435AE-218B-4E4C-936F-8B1B73972F18}.Release|iPhoneSimulator.Build.0 = Release|Any CPU
		{F5C435AE-218B-4E4C-936F-8B1B73972F18}.Release|x64.ActiveCfg = Release|Any CPU
		{F5C435AE-218B-4E4C-936F-8B1B73972F18}.Release|x64.Build.0 = Release|Any CPU
		{F5C435AE-218B-4E4C-936F-8B1B73972F18}.Release|x86.ActiveCfg = Release|Any CPU
		{F5C435AE-218B-4E4C-936F-8B1B73972F18}.Release|x86.Build.0 = Release|Any CPU
		{33D689DB-DBFA-494F-8E6F-60E2A354BCD7}.Debug|Any CPU.ActiveCfg = Debug|Any CPU
		{33D689DB-DBFA-494F-8E6F-60E2A354BCD7}.Debug|Any CPU.Build.0 = Debug|Any CPU
		{33D689DB-DBFA-494F-8E6F-60E2A354BCD7}.Debug|Any CPU.Deploy.0 = Debug|Any CPU
		{33D689DB-DBFA-494F-8E6F-60E2A354BCD7}.Debug|ARM.ActiveCfg = Debug|Any CPU
		{33D689DB-DBFA-494F-8E6F-60E2A354BCD7}.Debug|ARM.Build.0 = Debug|Any CPU
		{33D689DB-DBFA-494F-8E6F-60E2A354BCD7}.Debug|ARM.Deploy.0 = Debug|Any CPU
		{33D689DB-DBFA-494F-8E6F-60E2A354BCD7}.Debug|ARM64.ActiveCfg = Debug|Any CPU
		{33D689DB-DBFA-494F-8E6F-60E2A354BCD7}.Debug|ARM64.Build.0 = Debug|Any CPU
		{33D689DB-DBFA-494F-8E6F-60E2A354BCD7}.Debug|ARM64.Deploy.0 = Debug|Any CPU
		{33D689DB-DBFA-494F-8E6F-60E2A354BCD7}.Debug|iPhone.ActiveCfg = Debug|Any CPU
		{33D689DB-DBFA-494F-8E6F-60E2A354BCD7}.Debug|iPhone.Build.0 = Debug|Any CPU
		{33D689DB-DBFA-494F-8E6F-60E2A354BCD7}.Debug|iPhone.Deploy.0 = Debug|Any CPU
		{33D689DB-DBFA-494F-8E6F-60E2A354BCD7}.Debug|iPhoneSimulator.ActiveCfg = Debug|Any CPU
		{33D689DB-DBFA-494F-8E6F-60E2A354BCD7}.Debug|iPhoneSimulator.Build.0 = Debug|Any CPU
		{33D689DB-DBFA-494F-8E6F-60E2A354BCD7}.Debug|iPhoneSimulator.Deploy.0 = Debug|Any CPU
		{33D689DB-DBFA-494F-8E6F-60E2A354BCD7}.Debug|x64.ActiveCfg = Debug|Any CPU
		{33D689DB-DBFA-494F-8E6F-60E2A354BCD7}.Debug|x64.Build.0 = Debug|Any CPU
		{33D689DB-DBFA-494F-8E6F-60E2A354BCD7}.Debug|x64.Deploy.0 = Debug|Any CPU
		{33D689DB-DBFA-494F-8E6F-60E2A354BCD7}.Debug|x86.ActiveCfg = Debug|Any CPU
		{33D689DB-DBFA-494F-8E6F-60E2A354BCD7}.Debug|x86.Build.0 = Debug|Any CPU
		{33D689DB-DBFA-494F-8E6F-60E2A354BCD7}.Debug|x86.Deploy.0 = Debug|Any CPU
		{33D689DB-DBFA-494F-8E6F-60E2A354BCD7}.Release|Any CPU.ActiveCfg = Release|Any CPU
		{33D689DB-DBFA-494F-8E6F-60E2A354BCD7}.Release|Any CPU.Build.0 = Release|Any CPU
		{33D689DB-DBFA-494F-8E6F-60E2A354BCD7}.Release|Any CPU.Deploy.0 = Release|Any CPU
		{33D689DB-DBFA-494F-8E6F-60E2A354BCD7}.Release|ARM.ActiveCfg = Release|Any CPU
		{33D689DB-DBFA-494F-8E6F-60E2A354BCD7}.Release|ARM.Build.0 = Release|Any CPU
		{33D689DB-DBFA-494F-8E6F-60E2A354BCD7}.Release|ARM.Deploy.0 = Release|Any CPU
		{33D689DB-DBFA-494F-8E6F-60E2A354BCD7}.Release|ARM64.ActiveCfg = Release|Any CPU
		{33D689DB-DBFA-494F-8E6F-60E2A354BCD7}.Release|ARM64.Build.0 = Release|Any CPU
		{33D689DB-DBFA-494F-8E6F-60E2A354BCD7}.Release|ARM64.Deploy.0 = Release|Any CPU
		{33D689DB-DBFA-494F-8E6F-60E2A354BCD7}.Release|iPhone.ActiveCfg = Release|Any CPU
		{33D689DB-DBFA-494F-8E6F-60E2A354BCD7}.Release|iPhone.Build.0 = Release|Any CPU
		{33D689DB-DBFA-494F-8E6F-60E2A354BCD7}.Release|iPhone.Deploy.0 = Release|Any CPU
		{33D689DB-DBFA-494F-8E6F-60E2A354BCD7}.Release|iPhoneSimulator.ActiveCfg = Release|Any CPU
		{33D689DB-DBFA-494F-8E6F-60E2A354BCD7}.Release|iPhoneSimulator.Build.0 = Release|Any CPU
		{33D689DB-DBFA-494F-8E6F-60E2A354BCD7}.Release|iPhoneSimulator.Deploy.0 = Release|Any CPU
		{33D689DB-DBFA-494F-8E6F-60E2A354BCD7}.Release|x64.ActiveCfg = Release|Any CPU
		{33D689DB-DBFA-494F-8E6F-60E2A354BCD7}.Release|x64.Build.0 = Release|Any CPU
		{33D689DB-DBFA-494F-8E6F-60E2A354BCD7}.Release|x64.Deploy.0 = Release|Any CPU
		{33D689DB-DBFA-494F-8E6F-60E2A354BCD7}.Release|x86.ActiveCfg = Release|Any CPU
		{33D689DB-DBFA-494F-8E6F-60E2A354BCD7}.Release|x86.Build.0 = Release|Any CPU
		{33D689DB-DBFA-494F-8E6F-60E2A354BCD7}.Release|x86.Deploy.0 = Release|Any CPU
		{B85D82B2-2734-4E64-B46B-C8B9440B5DA3}.Debug|Any CPU.ActiveCfg = Debug|iPhone
		{B85D82B2-2734-4E64-B46B-C8B9440B5DA3}.Debug|ARM.ActiveCfg = Debug|iPhone
		{B85D82B2-2734-4E64-B46B-C8B9440B5DA3}.Debug|ARM64.ActiveCfg = Debug|iPhone
		{B85D82B2-2734-4E64-B46B-C8B9440B5DA3}.Debug|iPhone.ActiveCfg = Debug|iPhone
		{B85D82B2-2734-4E64-B46B-C8B9440B5DA3}.Debug|iPhone.Build.0 = Debug|iPhone
		{B85D82B2-2734-4E64-B46B-C8B9440B5DA3}.Debug|iPhoneSimulator.ActiveCfg = Debug|iPhoneSimulator
		{B85D82B2-2734-4E64-B46B-C8B9440B5DA3}.Debug|iPhoneSimulator.Build.0 = Debug|iPhoneSimulator
		{B85D82B2-2734-4E64-B46B-C8B9440B5DA3}.Debug|x64.ActiveCfg = Debug|iPhone
		{B85D82B2-2734-4E64-B46B-C8B9440B5DA3}.Debug|x86.ActiveCfg = Debug|iPhone
		{B85D82B2-2734-4E64-B46B-C8B9440B5DA3}.Release|Any CPU.ActiveCfg = Release|iPhone
		{B85D82B2-2734-4E64-B46B-C8B9440B5DA3}.Release|ARM.ActiveCfg = Release|iPhone
		{B85D82B2-2734-4E64-B46B-C8B9440B5DA3}.Release|ARM64.ActiveCfg = Release|iPhone
		{B85D82B2-2734-4E64-B46B-C8B9440B5DA3}.Release|iPhone.ActiveCfg = Release|iPhone
		{B85D82B2-2734-4E64-B46B-C8B9440B5DA3}.Release|iPhone.Build.0 = Release|iPhone
		{B85D82B2-2734-4E64-B46B-C8B9440B5DA3}.Release|iPhoneSimulator.ActiveCfg = Release|iPhoneSimulator
		{B85D82B2-2734-4E64-B46B-C8B9440B5DA3}.Release|iPhoneSimulator.Build.0 = Release|iPhoneSimulator
		{B85D82B2-2734-4E64-B46B-C8B9440B5DA3}.Release|x64.ActiveCfg = Release|iPhone
		{B85D82B2-2734-4E64-B46B-C8B9440B5DA3}.Release|x86.ActiveCfg = Release|iPhone
		{808C3A12-D5CA-4C49-A800-62252ECAF27A}.Debug|Any CPU.ActiveCfg = Debug|Any CPU
		{808C3A12-D5CA-4C49-A800-62252ECAF27A}.Debug|Any CPU.Build.0 = Debug|Any CPU
		{808C3A12-D5CA-4C49-A800-62252ECAF27A}.Debug|ARM.ActiveCfg = Debug|Any CPU
		{808C3A12-D5CA-4C49-A800-62252ECAF27A}.Debug|ARM.Build.0 = Debug|Any CPU
		{808C3A12-D5CA-4C49-A800-62252ECAF27A}.Debug|ARM64.ActiveCfg = Debug|Any CPU
		{808C3A12-D5CA-4C49-A800-62252ECAF27A}.Debug|ARM64.Build.0 = Debug|Any CPU
		{808C3A12-D5CA-4C49-A800-62252ECAF27A}.Debug|iPhone.ActiveCfg = Debug|Any CPU
		{808C3A12-D5CA-4C49-A800-62252ECAF27A}.Debug|iPhone.Build.0 = Debug|Any CPU
		{808C3A12-D5CA-4C49-A800-62252ECAF27A}.Debug|iPhoneSimulator.ActiveCfg = Debug|Any CPU
		{808C3A12-D5CA-4C49-A800-62252ECAF27A}.Debug|iPhoneSimulator.Build.0 = Debug|Any CPU
		{808C3A12-D5CA-4C49-A800-62252ECAF27A}.Debug|x64.ActiveCfg = Debug|Any CPU
		{808C3A12-D5CA-4C49-A800-62252ECAF27A}.Debug|x64.Build.0 = Debug|Any CPU
		{808C3A12-D5CA-4C49-A800-62252ECAF27A}.Debug|x86.ActiveCfg = Debug|Any CPU
		{808C3A12-D5CA-4C49-A800-62252ECAF27A}.Debug|x86.Build.0 = Debug|Any CPU
		{808C3A12-D5CA-4C49-A800-62252ECAF27A}.Release|Any CPU.ActiveCfg = Release|Any CPU
		{808C3A12-D5CA-4C49-A800-62252ECAF27A}.Release|Any CPU.Build.0 = Release|Any CPU
		{808C3A12-D5CA-4C49-A800-62252ECAF27A}.Release|ARM.ActiveCfg = Release|Any CPU
		{808C3A12-D5CA-4C49-A800-62252ECAF27A}.Release|ARM.Build.0 = Release|Any CPU
		{808C3A12-D5CA-4C49-A800-62252ECAF27A}.Release|ARM64.ActiveCfg = Release|Any CPU
		{808C3A12-D5CA-4C49-A800-62252ECAF27A}.Release|ARM64.Build.0 = Release|Any CPU
		{808C3A12-D5CA-4C49-A800-62252ECAF27A}.Release|iPhone.ActiveCfg = Release|Any CPU
		{808C3A12-D5CA-4C49-A800-62252ECAF27A}.Release|iPhone.Build.0 = Release|Any CPU
		{808C3A12-D5CA-4C49-A800-62252ECAF27A}.Release|iPhoneSimulator.ActiveCfg = Release|Any CPU
		{808C3A12-D5CA-4C49-A800-62252ECAF27A}.Release|iPhoneSimulator.Build.0 = Release|Any CPU
		{808C3A12-D5CA-4C49-A800-62252ECAF27A}.Release|x64.ActiveCfg = Release|Any CPU
		{808C3A12-D5CA-4C49-A800-62252ECAF27A}.Release|x64.Build.0 = Release|Any CPU
		{808C3A12-D5CA-4C49-A800-62252ECAF27A}.Release|x86.ActiveCfg = Release|Any CPU
		{808C3A12-D5CA-4C49-A800-62252ECAF27A}.Release|x86.Build.0 = Release|Any CPU
		{A29E62DE-AC01-4902-9E5E-0BF2ACAAC794}.Debug|Any CPU.ActiveCfg = Debug|x86
		{A29E62DE-AC01-4902-9E5E-0BF2ACAAC794}.Debug|Any CPU.Build.0 = Debug|x86
		{A29E62DE-AC01-4902-9E5E-0BF2ACAAC794}.Debug|Any CPU.Deploy.0 = Debug|x86
		{A29E62DE-AC01-4902-9E5E-0BF2ACAAC794}.Debug|ARM.ActiveCfg = Debug|ARM
		{A29E62DE-AC01-4902-9E5E-0BF2ACAAC794}.Debug|ARM.Build.0 = Debug|ARM
		{A29E62DE-AC01-4902-9E5E-0BF2ACAAC794}.Debug|ARM.Deploy.0 = Debug|ARM
		{A29E62DE-AC01-4902-9E5E-0BF2ACAAC794}.Debug|ARM64.ActiveCfg = Debug|ARM64
		{A29E62DE-AC01-4902-9E5E-0BF2ACAAC794}.Debug|ARM64.Build.0 = Debug|ARM64
		{A29E62DE-AC01-4902-9E5E-0BF2ACAAC794}.Debug|ARM64.Deploy.0 = Debug|ARM64
		{A29E62DE-AC01-4902-9E5E-0BF2ACAAC794}.Debug|iPhone.ActiveCfg = Debug|x86
		{A29E62DE-AC01-4902-9E5E-0BF2ACAAC794}.Debug|iPhoneSimulator.ActiveCfg = Debug|x86
		{A29E62DE-AC01-4902-9E5E-0BF2ACAAC794}.Debug|x64.ActiveCfg = Debug|x64
		{A29E62DE-AC01-4902-9E5E-0BF2ACAAC794}.Debug|x64.Build.0 = Debug|x64
		{A29E62DE-AC01-4902-9E5E-0BF2ACAAC794}.Debug|x64.Deploy.0 = Debug|x64
		{A29E62DE-AC01-4902-9E5E-0BF2ACAAC794}.Debug|x86.ActiveCfg = Debug|x86
		{A29E62DE-AC01-4902-9E5E-0BF2ACAAC794}.Debug|x86.Build.0 = Debug|x86
		{A29E62DE-AC01-4902-9E5E-0BF2ACAAC794}.Debug|x86.Deploy.0 = Debug|x86
		{A29E62DE-AC01-4902-9E5E-0BF2ACAAC794}.Release|Any CPU.ActiveCfg = Release|x86
		{A29E62DE-AC01-4902-9E5E-0BF2ACAAC794}.Release|ARM.ActiveCfg = Release|ARM
		{A29E62DE-AC01-4902-9E5E-0BF2ACAAC794}.Release|ARM.Build.0 = Release|ARM
		{A29E62DE-AC01-4902-9E5E-0BF2ACAAC794}.Release|ARM.Deploy.0 = Release|ARM
		{A29E62DE-AC01-4902-9E5E-0BF2ACAAC794}.Release|ARM64.ActiveCfg = Release|ARM64
		{A29E62DE-AC01-4902-9E5E-0BF2ACAAC794}.Release|ARM64.Build.0 = Release|ARM64
		{A29E62DE-AC01-4902-9E5E-0BF2ACAAC794}.Release|ARM64.Deploy.0 = Release|ARM64
		{A29E62DE-AC01-4902-9E5E-0BF2ACAAC794}.Release|iPhone.ActiveCfg = Release|x86
		{A29E62DE-AC01-4902-9E5E-0BF2ACAAC794}.Release|iPhoneSimulator.ActiveCfg = Release|x86
		{A29E62DE-AC01-4902-9E5E-0BF2ACAAC794}.Release|x64.ActiveCfg = Release|x64
		{A29E62DE-AC01-4902-9E5E-0BF2ACAAC794}.Release|x64.Build.0 = Release|x64
		{A29E62DE-AC01-4902-9E5E-0BF2ACAAC794}.Release|x64.Deploy.0 = Release|x64
		{A29E62DE-AC01-4902-9E5E-0BF2ACAAC794}.Release|x86.ActiveCfg = Release|x86
		{A29E62DE-AC01-4902-9E5E-0BF2ACAAC794}.Release|x86.Build.0 = Release|x86
		{A29E62DE-AC01-4902-9E5E-0BF2ACAAC794}.Release|x86.Deploy.0 = Release|x86
	EndGlobalSection
	GlobalSection(SolutionProperties) = preSolution
		HideSolutionNode = FALSE
	EndGlobalSection
	GlobalSection(NestedProjects) = preSolution
		{F5C435AE-218B-4E4C-936F-8B1B73972F18} = {917CE333-6189-4D61-B908-5AE440E50CC8}
		{33D689DB-DBFA-494F-8E6F-60E2A354BCD7} = {85922066-FAA8-418C-9D1A-A2C0AD8875E4}
		{B85D82B2-2734-4E64-B46B-C8B9440B5DA3} = {85922066-FAA8-418C-9D1A-A2C0AD8875E4}
		{808C3A12-D5CA-4C49-A800-62252ECAF27A} = {85922066-FAA8-418C-9D1A-A2C0AD8875E4}
		{A29E62DE-AC01-4902-9E5E-0BF2ACAAC794} = {85922066-FAA8-418C-9D1A-A2C0AD8875E4}
	EndGlobalSection
	GlobalSection(ExtensibilityGlobals) = postSolution
		SolutionGuid = {0AACC844-707E-4041-9D77-44E4DF70823E}
	EndGlobalSection
EndGlobal
